
Microsoft Visual Studio Solution File, Format Version 12.00
# Visual Studio 15
VisualStudioVersion = 15.0.26403.7
MinimumVisualStudioVersion = 10.0.40219.1
Project("{8BC9CEB8-8B4A-11D0-8D11-00A0C91BC942}") = "brfv4_win_examples", "brfv4_win_examples\brfv4_win_examples.vcxproj", "{8779059D-CC61-4E6A-8148-0B8ECB7F92F1}"
EndProject
Global
	GlobalSection(SolutionConfigurationPlatforms) = preSolution
		Debug|x64 = Debug|x64
		Debug|x86 = Debug|x86
		Release|x64 = Release|x64
		Release|x86 = Release|x86
	EndGlobalSection
	GlobalSection(ProjectConfigurationPlatforms) = postSolution
		{8779059D-CC61-4E6A-8148-0B8ECB7F92F1}.Debug|x64.ActiveCfg = Debug|x64
		{8779059D-CC61-4E6A-8148-0B8ECB7F92F1}.Debug|x64.Build.0 = Debug|x64
		{8779059D-CC61-4E6A-8148-0B8ECB7F92F1}.Debug|x86.ActiveCfg = Debug|Win32
		{8779059D-CC61-4E6A-8148-0B8ECB7F92F1}.Debug|x86.Build.0 = Debug|Win32
		{8779059D-CC61-4E6A-8148-0B8ECB7F92F1}.Release|x64.ActiveCfg = Release|x64
		{8779059D-CC61-4E6A-8148-0B8ECB7F92F1}.Release|x64.Build.0 = Release|x64
		{8779059D-CC61-4E6A-8148-0B8ECB7F92F1}.Release|x86.ActiveCfg = Release|Win32
		{8779059D-CC61-4E6A-8148-0B8ECB7F92F1}.Release|x86.Build.0 = Release|Win32
	EndGlobalSection
	GlobalSection(SolutionProperties) = preSolution
		HideSolutionNode = FALSE
	EndGlobalSection
EndGlobal
